
Microsoft Visual Studio Solution File, Format Version 12.00
# Visual Studio Version 16
VisualStudioVersion = 16.0.28803.156
MinimumVisualStudioVersion = 10.0.40219.1
Project("{FAE04EC0-301F-11D3-BF4B-00C04F79EFBC}") = "CERES", "EjemploFinalP2A\CERES.csproj", "{D59507E9-1C8F-4C26-AC07-7B3A799980A9}"
EndProject
Global
	GlobalSection(SolutionConfigurationPlatforms) = preSolution
		Debug|Any CPU = Debug|Any CPU
		Release|Any CPU = Release|Any CPU
	EndGlobalSection
	GlobalSection(ProjectConfigurationPlatforms) = postSolution
		{D59507E9-1C8F-4C26-AC07-7B3A799980A9}.Debug|Any CPU.ActiveCfg = Debug|Any CPU
		{D59507E9-1C8F-4C26-AC07-7B3A799980A9}.Debug|Any CPU.Build.0 = Debug|Any CPU
		{D59507E9-1C8F-4C26-AC07-7B3A799980A9}.Release|Any CPU.ActiveCfg = Release|Any CPU
		{D59507E9-1C8F-4C26-AC07-7B3A799980A9}.Release|Any CPU.Build.0 = Release|Any CPU
	EndGlobalSection
	GlobalSection(SolutionProperties) = preSolution
		HideSolutionNode = FALSE
	EndGlobalSection
	GlobalSection(ExtensibilityGlobals) = postSolution
		SolutionGuid = {56C0DFDD-2400-432F-8E2A-081474055435}
	EndGlobalSection
EndGlobal
